
Microsoft Visual Studio Solution File, Format Version 12.00
# Visual Studio Version 17
VisualStudioVersion = 17.9.34728.123
MinimumVisualStudioVersion = 10.0.40219.1
Project("{2150E333-8FDC-42A3-9474-1A3956D46DE8}") = "FrontEnd", "FrontEnd", "{FFC5DACB-EEEF-4774-A4F6-71B8CEC3642F}"
EndProject
Project("{2150E333-8FDC-42A3-9474-1A3956D46DE8}") = "Gateway", "Gateway", "{ABA9B4E9-F411-4334-AAE8-AAA07413F9C2}"
EndProject
Project("{2150E333-8FDC-42A3-9474-1A3956D46DE8}") = "Intergration", "Intergration", "{A7CCC2A4-A079-4E5A-AD9E-002B4CD45AC5}"
EndProject
Project("{2150E333-8FDC-42A3-9474-1A3956D46DE8}") = "Services", "Services", "{BD256FA8-11C2-4280-B5AA-0DB10616E522}"
EndProject
Project("{9A19103F-16F7-4668-BE54-9A1E7A4F7556}") = "eCom.Services.CouponAPI", "eCom.Services.CouponAPI\eCom.Services.CouponAPI.csproj", "{1B505CEE-BF33-45FC-9552-4DBF5F6F8B88}"
EndProject
Project("{9A19103F-16F7-4668-BE54-9A1E7A4F7556}") = "eCom.Web", "eCom.Web\eCom.Web.csproj", "{4492723D-4466-4022-8D7A-3B0F2D6A9FAB}"
EndProject
Project("{9A19103F-16F7-4668-BE54-9A1E7A4F7556}") = "eCom.Services.AuthAPI", "eCom.Services.AuthAPI\eCom.Services.AuthAPI.csproj", "{1922BA1F-2C71-4A46-B156-CDF356B0C8D1}"
EndProject
Project("{9A19103F-16F7-4668-BE54-9A1E7A4F7556}") = "eCom.Services.ProductAPI", "eCom.Serivices.ProductAPI\eCom.Services.ProductAPI.csproj", "{335A0575-B69A-4A24-B94A-1FEA2A3C7533}"
EndProject
Project("{9A19103F-16F7-4668-BE54-9A1E7A4F7556}") = "eCom.Services.ShoppingCartAPI", "eCom.Services.ShoppingCartAPI\eCom.Services.ShoppingCartAPI.csproj", "{C1F29703-E49E-4A6E-8123-DEA826511AFA}"
EndProject
Project("{9A19103F-16F7-4668-BE54-9A1E7A4F7556}") = "eCom.MessageBus", "eCom.MessageBus\eCom.MessageBus.csproj", "{A723C7A2-C41A-419F-8B7B-B2CBE51BC2B7}"
EndProject
Project("{9A19103F-16F7-4668-BE54-9A1E7A4F7556}") = "eCom.Services.EmailAPI", "eCom.Services.EmailAPI\eCom.Services.EmailAPI.csproj", "{69A29840-7125-41A3-864B-F4E081A41EE3}"
EndProject
Project("{9A19103F-16F7-4668-BE54-9A1E7A4F7556}") = "eCom.Services.OrderAPI", "eCom.Services.OrderAPI\eCom.Services.OrderAPI.csproj", "{9BE7E160-75C5-42E7-884D-E03D7CEE81F5}"
EndProject
Project("{FAE04EC0-301F-11D3-BF4B-00C04F79EFBC}") = "eCom.Services.RewardAPI", "eCom.Services.RewardAPI\eCom.Services.RewardAPI.csproj", "{F64740B4-0A6F-4E00-A065-8AA7E618EB2E}"
EndProject
Global
	GlobalSection(SolutionConfigurationPlatforms) = preSolution
		Debug|Any CPU = Debug|Any CPU
		Release|Any CPU = Release|Any CPU
	EndGlobalSection
	GlobalSection(ProjectConfigurationPlatforms) = postSolution
		{1B505CEE-BF33-45FC-9552-4DBF5F6F8B88}.Debug|Any CPU.ActiveCfg = Debug|Any CPU
		{1B505CEE-BF33-45FC-9552-4DBF5F6F8B88}.Debug|Any CPU.Build.0 = Debug|Any CPU
		{1B505CEE-BF33-45FC-9552-4DBF5F6F8B88}.Release|Any CPU.ActiveCfg = Release|Any CPU
		{1B505CEE-BF33-45FC-9552-4DBF5F6F8B88}.Release|Any CPU.Build.0 = Release|Any CPU
		{4492723D-4466-4022-8D7A-3B0F2D6A9FAB}.Debug|Any CPU.ActiveCfg = Debug|Any CPU
		{4492723D-4466-4022-8D7A-3B0F2D6A9FAB}.Debug|Any CPU.Build.0 = Debug|Any CPU
		{4492723D-4466-4022-8D7A-3B0F2D6A9FAB}.Release|Any CPU.ActiveCfg = Release|Any CPU
		{4492723D-4466-4022-8D7A-3B0F2D6A9FAB}.Release|Any CPU.Build.0 = Release|Any CPU
		{1922BA1F-2C71-4A46-B156-CDF356B0C8D1}.Debug|Any CPU.ActiveCfg = Debug|Any CPU
		{1922BA1F-2C71-4A46-B156-CDF356B0C8D1}.Debug|Any CPU.Build.0 = Debug|Any CPU
		{1922BA1F-2C71-4A46-B156-CDF356B0C8D1}.Release|Any CPU.ActiveCfg = Release|Any CPU
		{1922BA1F-2C71-4A46-B156-CDF356B0C8D1}.Release|Any CPU.Build.0 = Release|Any CPU
		{335A0575-B69A-4A24-B94A-1FEA2A3C7533}.Debug|Any CPU.ActiveCfg = Debug|Any CPU
		{335A0575-B69A-4A24-B94A-1FEA2A3C7533}.Debug|Any CPU.Build.0 = Debug|Any CPU
		{335A0575-B69A-4A24-B94A-1FEA2A3C7533}.Release|Any CPU.ActiveCfg = Release|Any CPU
		{335A0575-B69A-4A24-B94A-1FEA2A3C7533}.Release|Any CPU.Build.0 = Release|Any CPU
		{C1F29703-E49E-4A6E-8123-DEA826511AFA}.Debug|Any CPU.ActiveCfg = Debug|Any CPU
		{C1F29703-E49E-4A6E-8123-DEA826511AFA}.Debug|Any CPU.Build.0 = Debug|Any CPU
		{C1F29703-E49E-4A6E-8123-DEA826511AFA}.Release|Any CPU.ActiveCfg = Release|Any CPU
		{C1F29703-E49E-4A6E-8123-DEA826511AFA}.Release|Any CPU.Build.0 = Release|Any CPU
		{A723C7A2-C41A-419F-8B7B-B2CBE51BC2B7}.Debug|Any CPU.ActiveCfg = Debug|Any CPU
		{A723C7A2-C41A-419F-8B7B-B2CBE51BC2B7}.Debug|Any CPU.Build.0 = Debug|Any CPU
		{A723C7A2-C41A-419F-8B7B-B2CBE51BC2B7}.Release|Any CPU.ActiveCfg = Release|Any CPU
		{A723C7A2-C41A-419F-8B7B-B2CBE51BC2B7}.Release|Any CPU.Build.0 = Release|Any CPU
		{69A29840-7125-41A3-864B-F4E081A41EE3}.Debug|Any CPU.ActiveCfg = Debug|Any CPU
		{69A29840-7125-41A3-864B-F4E081A41EE3}.Debug|Any CPU.Build.0 = Debug|Any CPU
		{69A29840-7125-41A3-864B-F4E081A41EE3}.Release|Any CPU.ActiveCfg = Release|Any CPU
		{69A29840-7125-41A3-864B-F4E081A41EE3}.Release|Any CPU.Build.0 = Release|Any CPU
		{9BE7E160-75C5-42E7-884D-E03D7CEE81F5}.Debug|Any CPU.ActiveCfg = Debug|Any CPU
		{9BE7E160-75C5-42E7-884D-E03D7CEE81F5}.Debug|Any CPU.Build.0 = Debug|Any CPU
		{9BE7E160-75C5-42E7-884D-E03D7CEE81F5}.Release|Any CPU.ActiveCfg = Release|Any CPU
		{9BE7E160-75C5-42E7-884D-E03D7CEE81F5}.Release|Any CPU.Build.0 = Release|Any CPU
		{F64740B4-0A6F-4E00-A065-8AA7E618EB2E}.Debug|Any CPU.ActiveCfg = Debug|Any CPU
		{F64740B4-0A6F-4E00-A065-8AA7E618EB2E}.Debug|Any CPU.Build.0 = Debug|Any CPU
		{F64740B4-0A6F-4E00-A065-8AA7E618EB2E}.Release|Any CPU.ActiveCfg = Release|Any CPU
		{F64740B4-0A6F-4E00-A065-8AA7E618EB2E}.Release|Any CPU.Build.0 = Release|Any CPU
	EndGlobalSection
	GlobalSection(SolutionProperties) = preSolution
		HideSolutionNode = FALSE
	EndGlobalSection
	GlobalSection(NestedProjects) = preSolution
		{1B505CEE-BF33-45FC-9552-4DBF5F6F8B88} = {BD256FA8-11C2-4280-B5AA-0DB10616E522}
		{4492723D-4466-4022-8D7A-3B0F2D6A9FAB} = {FFC5DACB-EEEF-4774-A4F6-71B8CEC3642F}
		{1922BA1F-2C71-4A46-B156-CDF356B0C8D1} = {BD256FA8-11C2-4280-B5AA-0DB10616E522}
		{335A0575-B69A-4A24-B94A-1FEA2A3C7533} = {BD256FA8-11C2-4280-B5AA-0DB10616E522}
		{C1F29703-E49E-4A6E-8123-DEA826511AFA} = {BD256FA8-11C2-4280-B5AA-0DB10616E522}
		{A723C7A2-C41A-419F-8B7B-B2CBE51BC2B7} = {A7CCC2A4-A079-4E5A-AD9E-002B4CD45AC5}
		{69A29840-7125-41A3-864B-F4E081A41EE3} = {BD256FA8-11C2-4280-B5AA-0DB10616E522}
		{9BE7E160-75C5-42E7-884D-E03D7CEE81F5} = {BD256FA8-11C2-4280-B5AA-0DB10616E522}
		{F64740B4-0A6F-4E00-A065-8AA7E618EB2E} = {BD256FA8-11C2-4280-B5AA-0DB10616E522}
	EndGlobalSection
	GlobalSection(ExtensibilityGlobals) = postSolution
		SolutionGuid = {F5C54087-EE54-49C9-9BC7-3720803E56CC}
	EndGlobalSection
EndGlobal
